
Microsoft Visual Studio Solution File, Format Version 12.00
# Visual Studio Version 17
VisualStudioVersion = 17.11.35222.181
MinimumVisualStudioVersion = 10.0.40219.1
Project("{FAE04EC0-301F-11D3-BF4B-00C04F79EFBC}") = "vidu", "vidu\vidu.csproj", "{8D8FA878-5FAC-4242-8711-707968313366}"
EndProject
Project("{FAE04EC0-301F-11D3-BF4B-00C04F79EFBC}") = "DAL", "DAL\DAL.csproj", "{6D0211EB-7CC4-4DBF-865D-5591745F8CCF}"
EndProject
Project("{FAE04EC0-301F-11D3-BF4B-00C04F79EFBC}") = "BLL", "BLL\BLL.csproj", "{B63E0E77-C1AC-43E2-A8D1-DD4D261BC3A3}"
EndProject
Global
	GlobalSection(SolutionConfigurationPlatforms) = preSolution
		Debug|Any CPU = Debug|Any CPU
		Release|Any CPU = Release|Any CPU
	EndGlobalSection
	GlobalSection(ProjectConfigurationPlatforms) = postSolution
		{8D8FA878-5FAC-4242-8711-707968313366}.Debug|Any CPU.ActiveCfg = Debug|Any CPU
		{8D8FA878-5FAC-4242-8711-707968313366}.Debug|Any CPU.Build.0 = Debug|Any CPU
		{8D8FA878-5FAC-4242-8711-707968313366}.Release|Any CPU.ActiveCfg = Release|Any CPU
		{8D8FA878-5FAC-4242-8711-707968313366}.Release|Any CPU.Build.0 = Release|Any CPU
		{6D0211EB-7CC4-4DBF-865D-5591745F8CCF}.Debug|Any CPU.ActiveCfg = Debug|Any CPU
		{6D0211EB-7CC4-4DBF-865D-5591745F8CCF}.Debug|Any CPU.Build.0 = Debug|Any CPU
		{6D0211EB-7CC4-4DBF-865D-5591745F8CCF}.Release|Any CPU.ActiveCfg = Release|Any CPU
		{6D0211EB-7CC4-4DBF-865D-5591745F8CCF}.Release|Any CPU.Build.0 = Release|Any CPU
		{B63E0E77-C1AC-43E2-A8D1-DD4D261BC3A3}.Debug|Any CPU.ActiveCfg = Debug|Any CPU
		{B63E0E77-C1AC-43E2-A8D1-DD4D261BC3A3}.Debug|Any CPU.Build.0 = Debug|Any CPU
		{B63E0E77-C1AC-43E2-A8D1-DD4D261BC3A3}.Release|Any CPU.ActiveCfg = Release|Any CPU
		{B63E0E77-C1AC-43E2-A8D1-DD4D261BC3A3}.Release|Any CPU.Build.0 = Release|Any CPU
	EndGlobalSection
	GlobalSection(SolutionProperties) = preSolution
		HideSolutionNode = FALSE
	EndGlobalSection
	GlobalSection(ExtensibilityGlobals) = postSolution
		SolutionGuid = {4EC73EA6-BDC8-4801-9CFD-C4224148E335}
	EndGlobalSection
EndGlobal
